// !$*UTF8*$!
{
	archiveVersion = 1;
	classes = {
	};
	objectVersion = 56;
	objects = {

/* Begin PBXBuildFile section */
		213E3D662B6EA5A500235C16 /* Orar_SwiftUiApp.swift in Sources */ = {isa = PBXBuildFile; fileRef = 213E3D652B6EA5A500235C16 /* Orar_SwiftUiApp.swift */; };
		213E3D682B6EA5A500235C16 /* ContentView.swift in Sources */ = {isa = PBXBuildFile; fileRef = 213E3D672B6EA5A500235C16 /* ContentView.swift */; };
		213E3D6A2B6EA5A700235C16 /* Assets.xcassets in Resources */ = {isa = PBXBuildFile; fileRef = 213E3D692B6EA5A700235C16 /* Assets.xcassets */; };
		213E3D6D2B6EA5A700235C16 /* Preview Assets.xcassets in Resources */ = {isa = PBXBuildFile; fileRef = 213E3D6C2B6EA5A700235C16 /* Preview Assets.xcassets */; };
		213E3D772B6EA5A700235C16 /* Orar_SwiftUiTests.swift in Sources */ = {isa = PBXBuildFile; fileRef = 213E3D762B6EA5A700235C16 /* Orar_SwiftUiTests.swift */; };
		213E3D812B6EA5A700235C16 /* Orar_SwiftUiUITests.swift in Sources */ = {isa = PBXBuildFile; fileRef = 213E3D802B6EA5A700235C16 /* Orar_SwiftUiUITests.swift */; };
		213E3D832B6EA5A700235C16 /* Orar_SwiftUiUITestsLaunchTests.swift in Sources */ = {isa = PBXBuildFile; fileRef = 213E3D822B6EA5A700235C16 /* Orar_SwiftUiUITestsLaunchTests.swift */; };
/* End PBXBuildFile section */

/* Begin PBXContainerItemProxy section */
		213E3D732B6EA5A700235C16 /* PBXContainerItemProxy */ = {
			isa = PBXContainerItemProxy;
			containerPortal = 213E3D5A2B6EA5A500235C16 /* Project object */;
			proxyType = 1;
			remoteGlobalIDString = 213E3D612B6EA5A500235C16;
			remoteInfo = "Orar-SwiftUi";
		};
		213E3D7D2B6EA5A700235C16 /* PBXContainerItemProxy */ = {
			isa = PBXContainerItemProxy;
			containerPortal = 213E3D5A2B6EA5A500235C16 /* Project object */;
			proxyType = 1;
			remoteGlobalIDString = 213E3D612B6EA5A500235C16;
			remoteInfo = "Orar-SwiftUi";
		};
/* End PBXContainerItemProxy section */

/* Begin PBXFileReference section */
		213E3D622B6EA5A500235C16 /* Orar-SwiftUi.app */ = {isa = PBXFileReference; explicitFileType = wrapper.application; includeInIndex = 0; path = "Orar-SwiftUi.app"; sourceTree = BUILT_PRODUCTS_DIR; };
		213E3D652B6EA5A500235C16 /* Orar_SwiftUiApp.swift */ = {isa = PBXFileReference; lastKnownFileType = sourcecode.swift; path = Orar_SwiftUiApp.swift; sourceTree = "<group>"; };
		213E3D672B6EA5A500235C16 /* ContentView.swift */ = {isa = PBXFileReference; lastKnownFileType = sourcecode.swift; path = ContentView.swift; sourceTree = "<group>"; };
		213E3D692B6EA5A700235C16 /* Assets.xcassets */ = {isa = PBXFileReference; lastKnownFileType = folder.assetcatalog; path = Assets.xcassets; sourceTree = "<group>"; };
		213E3D6C2B6EA5A700235C16 /* Preview Assets.xcassets */ = {isa = PBXFileReference; lastKnownFileType = folder.assetcatalog; path = "Preview Assets.xcassets"; sourceTree = "<group>"; };
		213E3D722B6EA5A700235C16 /* Orar-SwiftUiTests.xctest */ = {isa = PBXFileReference; explicitFileType = wrapper.cfbundle; includeInIndex = 0; path = "Orar-SwiftUiTests.xctest"; sourceTree = BUILT_PRODUCTS_DIR; };
		213E3D762B6EA5A700235C16 /* Orar_SwiftUiTests.swift */ = {isa = PBXFileReference; lastKnownFileType = sourcecode.swift; path = Orar_SwiftUiTests.swift; sourceTree = "<group>"; };
		213E3D7C2B6EA5A700235C16 /* Orar-SwiftUiUITests.xctest */ = {isa = PBXFileReference; explicitFileType = wrapper.cfbundle; includeInIndex = 0; path = "Orar-SwiftUiUITests.xctest"; sourceTree = BUILT_PRODUCTS_DIR; };
		213E3D802B6EA5A700235C16 /* Orar_SwiftUiUITests.swift */ = {isa = PBXFileReference; lastKnownFileType = sourcecode.swift; path = Orar_SwiftUiUITests.swift; sourceTree = "<group>"; };
		213E3D822B6EA5A700235C16 /* Orar_SwiftUiUITestsLaunchTests.swift */ = {isa = PBXFileReference; lastKnownFileType = sourcecode.swift; path = Orar_SwiftUiUITestsLaunchTests.swift; sourceTree = "<group>"; };
/* End PBXFileReference section */

/* Begin PBXFrameworksBuildPhase section */
		213E3D5F2B6EA5A500235C16 /* Frameworks */ = {
			isa = PBXFrameworksBuildPhase;
			buildActionMask = 2147483647;
			files = (
			);
			runOnlyForDeploymentPostprocessing = 0;
		};
		213E3D6F2B6EA5A700235C16 /* Frameworks */ = {
			isa = PBXFrameworksBuildPhase;
			buildActionMask = 2147483647;
			files = (
			);
			runOnlyForDeploymentPostprocessing = 0;
		};
		213E3D792B6EA5A700235C16 /* Frameworks */ = {
			isa = PBXFrameworksBuildPhase;
			buildActionMask = 2147483647;
			files = (
			);
			runOnlyForDeploymentPostprocessing = 0;
		};
/* End PBXFrameworksBuildPhase section */

/* Begin PBXGroup section */
		213E3D592B6EA5A500235C16 = {
			isa = PBXGroup;
			children = (
				213E3D642B6EA5A500235C16 /* Orar-SwiftUi */,
				213E3D752B6EA5A700235C16 /* Orar-SwiftUiTests */,
				213E3D7F2B6EA5A700235C16 /* Orar-SwiftUiUITests */,
				213E3D632B6EA5A500235C16 /* Products */,
			);
			sourceTree = "<group>";
		};
		213E3D632B6EA5A500235C16 /* Products */ = {
			isa = PBXGroup;
			children = (
				213E3D622B6EA5A500235C16 /* Orar-SwiftUi.app */,
				213E3D722B6EA5A700235C16 /* Orar-SwiftUiTests.xctest */,
				213E3D7C2B6EA5A700235C16 /* Orar-SwiftUiUITests.xctest */,
			);
			name = Products;
			sourceTree = "<group>";
		};
		213E3D642B6EA5A500235C16 /* Orar-SwiftUi */ = {
			isa = PBXGroup;
			children = (
				213E3D652B6EA5A500235C16 /* Orar_SwiftUiApp.swift */,
				213E3D672B6EA5A500235C16 /* ContentView.swift */,
				213E3D692B6EA5A700235C16 /* Assets.xcassets */,
				213E3D6B2B6EA5A700235C16 /* Preview Content */,
			);
			path = "Orar-SwiftUi";
			sourceTree = "<group>";
		};
		213E3D6B2B6EA5A700235C16 /* Preview Content */ = {
			isa = PBXGroup;
			children = (
				213E3D6C2B6EA5A700235C16 /* Preview Assets.xcassets */,
			);
			path = "Preview Content";
			sourceTree = "<group>";
		};
		213E3D752B6EA5A700235C16 /* Orar-SwiftUiTests */ = {
			isa = PBXGroup;
			children = (
				213E3D762B6EA5A700235C16 /* Orar_SwiftUiTests.swift */,
			);
			path = "Orar-SwiftUiTests";
			sourceTree = "<group>";
		};
		213E3D7F2B6EA5A700235C16 /* Orar-SwiftUiUITests */ = {
			isa = PBXGroup;
			children = (
				213E3D802B6EA5A700235C16 /* Orar_SwiftUiUITests.swift */,
				213E3D822B6EA5A700235C16 /* Orar_SwiftUiUITestsLaunchTests.swift */,
			);
			path = "Orar-SwiftUiUITests";
			sourceTree = "<group>";
		};
/* End PBXGroup section */

/* Begin PBXNativeTarget section */
		213E3D612B6EA5A500235C16 /* Orar-SwiftUi */ = {
			isa = PBXNativeTarget;
			buildConfigurationList = 213E3D862B6EA5A700235C16 /* Build configuration list for PBXNativeTarget "Orar-SwiftUi" */;
			buildPhases = (
				213E3D5E2B6EA5A500235C16 /* Sources */,
				213E3D5F2B6EA5A500235C16 /* Frameworks */,
				213E3D602B6EA5A500235C16 /* Resources */,
			);
			buildRules = (
			);
			dependencies = (
			);
			name = "Orar-SwiftUi";
			productName = "Orar-SwiftUi";
			productReference = 213E3D622B6EA5A500235C16 /* Orar-SwiftUi.app */;
			productType = "com.apple.product-type.application";
		};
		213E3D712B6EA5A700235C16 /* Orar-SwiftUiTests */ = {
			isa = PBXNativeTarget;
			buildConfigurationList = 213E3D892B6EA5A700235C16 /* Build configuration list for PBXNativeTarget "Orar-SwiftUiTests" */;
			buildPhases = (
				213E3D6E2B6EA5A700235C16 /* Sources */,
				213E3D6F2B6EA5A700235C16 /* Frameworks */,
				213E3D702B6EA5A700235C16 /* Resources */,
			);
			buildRules = (
			);
			dependencies = (
				213E3D742B6EA5A700235C16 /* PBXTargetDependency */,
			);
			name = "Orar-SwiftUiTests";
			productName = "Orar-SwiftUiTests";
			productReference = 213E3D722B6EA5A700235C16 /* Orar-SwiftUiTests.xctest */;
			productType = "com.apple.product-type.bundle.unit-test";
		};
		213E3D7B2B6EA5A700235C16 /* Orar-SwiftUiUITests */ = {
			isa = PBXNativeTarget;
			buildConfigurationList = 213E3D8C2B6EA5A700235C16 /* Build configuration list for PBXNativeTarget "Orar-SwiftUiUITests" */;
			buildPhases = (
				213E3D782B6EA5A700235C16 /* Sources */,
				213E3D792B6EA5A700235C16 /* Frameworks */,
				213E3D7A2B6EA5A700235C16 /* Resources */,
			);
			buildRules = (
			);
			dependencies = (
				213E3D7E2B6EA5A700235C16 /* PBXTargetDependency */,
			);
			name = "Orar-SwiftUiUITests";
			productName = "Orar-SwiftUiUITests";
			productReference = 213E3D7C2B6EA5A700235C16 /* Orar-SwiftUiUITests.xctest */;
			productType = "com.apple.product-type.bundle.ui-testing";
		};
/* End PBXNativeTarget section */

/* Begin PBXProject section */
		213E3D5A2B6EA5A500235C16 /* Project object */ = {
			isa = PBXProject;
			attributes = {
				BuildIndependentTargetsInParallel = 1;
				LastSwiftUpdateCheck = 1500;
				LastUpgradeCheck = 1500;
				TargetAttributes = {
					213E3D612B6EA5A500235C16 = {
						CreatedOnToolsVersion = 15.0;
					};
					213E3D712B6EA5A700235C16 = {
						CreatedOnToolsVersion = 15.0;
						TestTargetID = 213E3D612B6EA5A500235C16;
					};
					213E3D7B2B6EA5A700235C16 = {
						CreatedOnToolsVersion = 15.0;
						TestTargetID = 213E3D612B6EA5A500235C16;
					};
				};
			};
			buildConfigurationList = 213E3D5D2B6EA5A500235C16 /* Build configuration list for PBXProject "Orar-SwiftUi" */;
			compatibilityVersion = "Xcode 14.0";
			developmentRegion = en;
			hasScannedForEncodings = 0;
			knownRegions = (
				en,
				Base,
			);
			mainGroup = 213E3D592B6EA5A500235C16;
			productRefGroup = 213E3D632B6EA5A500235C16 /* Products */;
			projectDirPath = "";
			projectRoot = "";
			targets = (
				213E3D612B6EA5A500235C16 /* Orar-SwiftUi */,
				213E3D712B6EA5A700235C16 /* Orar-SwiftUiTests */,
				213E3D7B2B6EA5A700235C16 /* Orar-SwiftUiUITests */,
			);
		};
/* End PBXProject section */

/* Begin PBXResourcesBuildPhase section */
		213E3D602B6EA5A500235C16 /* Resources */ = {
			isa = PBXResourcesBuildPhase;
			buildActionMask = 2147483647;
			files = (
				213E3D6D2B6EA5A700235C16 /* Preview Assets.xcassets in Resources */,
				213E3D6A2B6EA5A700235C16 /* Assets.xcassets in Resources */,
			);
			runOnlyForDeploymentPostprocessing = 0;
		};
		213E3D702B6EA5A700235C16 /* Resources */ = {
			isa = PBXResourcesBuildPhase;
			buildActionMask = 2147483647;
			files = (
			);
			runOnlyForDeploymentPostprocessing = 0;
		};
		213E3D7A2B6EA5A700235C16 /* Resources */ = {
			isa = PBXResourcesBuildPhase;
			buildActionMask = 2147483647;
			files = (
			);
			runOnlyForDeploymentPostprocessing = 0;
		};
/* End PBXResourcesBuildPhase section */

/* Begin PBXSourcesBuildPhase section */
		213E3D5E2B6EA5A500235C16 /* Sources */ = {
			isa = PBXSourcesBuildPhase;
			buildActionMask = 2147483647;
			files = (
				213E3D682B6EA5A500235C16 /* ContentView.swift in Sources */,
				213E3D662B6EA5A500235C16 /* Orar_SwiftUiApp.swift in Sources */,
			);
			runOnlyForDeploymentPostprocessing = 0;
		};
		213E3D6E2B6EA5A700235C16 /* Sources */ = {
			isa = PBXSourcesBuildPhase;
			buildActionMask = 2147483647;
			files = (
				213E3D772B6EA5A700235C16 /* Orar_SwiftUiTests.swift in Sources */,
			);
			runOnlyForDeploymentPostprocessing = 0;
		};
		213E3D782B6EA5A700235C16 /* Sources */ = {
			isa = PBXSourcesBuildPhase;
			buildActionMask = 2147483647;
			files = (
				213E3D832B6EA5A700235C16 /* Orar_SwiftUiUITestsLaunchTests.swift in Sources */,
				213E3D812B6EA5A700235C16 /* Orar_SwiftUiUITests.swift in Sources */,
			);
			runOnlyForDeploymentPostprocessing = 0;
		};
/* End PBXSourcesBuildPhase section */

/* Begin PBXTargetDependency section */
		213E3D742B6EA5A700235C16 /* PBXTargetDependency */ = {
			isa = PBXTargetDependency;
			target = 213E3D612B6EA5A500235C16 /* Orar-SwiftUi */;
			targetProxy = 213E3D732B6EA5A700235C16 /* PBXContainerItemProxy */;
		};
		213E3D7E2B6EA5A700235C16 /* PBXTargetDependency */ = {
			isa = PBXTargetDependency;
			target = 213E3D612B6EA5A500235C16 /* Orar-SwiftUi */;
			targetProxy = 213E3D7D2B6EA5A700235C16 /* PBXContainerItemProxy */;
		};
/* End PBXTargetDependency section */

/* Begin XCBuildConfiguration section */
		213E3D842B6EA5A700235C16 /* Debug */ = {
			isa = XCBuildConfiguration;
			buildSettings = {
				ALWAYS_SEARCH_USER_PATHS = NO;
				ASSETCATALOG_COMPILER_GENERATE_SWIFT_ASSET_SYMBOL_EXTENSIONS = YES;
				CLANG_ANALYZER_NONNULL = YES;
				CLANG_ANALYZER_NUMBER_OBJECT_CONVERSION = YES_AGGRESSIVE;
				CLANG_CXX_LANGUAGE_STANDARD = "gnu++20";
				CLANG_ENABLE_MODULES = YES;
				CLANG_ENABLE_OBJC_ARC = YES;
				CLANG_ENABLE_OBJC_WEAK = YES;
				CLANG_WARN_BLOCK_CAPTURE_AUTORELEASING = YES;
				CLANG_WARN_BOOL_CONVERSION = YES;
				CLANG_WARN_COMMA = YES;
				CLANG_WARN_CONSTANT_CONVERSION = YES;
				CLANG_WARN_DEPRECATED_OBJC_IMPLEMENTATIONS = YES;
				CLANG_WARN_DIRECT_OBJC_ISA_USAGE = YES_ERROR;
				CLANG_WARN_DOCUMENTATION_COMMENTS = YES;
				CLANG_WARN_EMPTY_BODY = YES;
				CLANG_WARN_ENUM_CONVERSION = YES;
				CLANG_WARN_INFINITE_RECURSION = YES;
				CLANG_WARN_INT_CONVERSION = YES;
				CLANG_WARN_NON_LITERAL_NULL_CONVERSION = YES;
				CLANG_WARN_OBJC_IMPLICIT_RETAIN_SELF = YES;
				CLANG_WARN_OBJC_LITERAL_CONVERSION = YES;
				CLANG_WARN_OBJC_ROOT_CLASS = YES_ERROR;
				CLANG_WARN_QUOTED_INCLUDE_IN_FRAMEWORK_HEADER = YES;
				CLANG_WARN_RANGE_LOOP_ANALYSIS = YES;
				CLANG_WARN_STRICT_PROTOTYPES = YES;
				CLANG_WARN_SUSPICIOUS_MOVE = YES;
				CLANG_WARN_UNGUARDED_AVAILABILITY = YES_AGGRESSIVE;
				CLANG_WARN_UNREACHABLE_CODE = YES;
				CLANG_WARN__DUPLICATE_METHOD_MATCH = YES;
				COPY_PHASE_STRIP = NO;
				DEBUG_INFORMATION_FORMAT = dwarf;
				ENABLE_STRICT_OBJC_MSGSEND = YES;
				ENABLE_TESTABILITY = YES;
				ENABLE_USER_SCRIPT_SANDBOXING = YES;
				GCC_C_LANGUAGE_STANDARD = gnu17;
				GCC_DYNAMIC_NO_PIC = NO;
				GCC_NO_COMMON_BLOCKS = YES;
				GCC_OPTIMIZATION_LEVEL = 0;
				GCC_PREPROCESSOR_DEFINITIONS = (
					"DEBUG=1",
					"$(inherited)",
				);
				GCC_WARN_64_TO_32_BIT_CONVERSION = YES;
				GCC_WARN_ABOUT_RETURN_TYPE = YES_ERROR;
				GCC_WARN_UNDECLARED_SELECTOR = YES;
				GCC_WARN_UNINITIALIZED_AUTOS = YES_AGGRESSIVE;
				GCC_WARN_UNUSED_FUNCTION = YES;
				GCC_WARN_UNUSED_VARIABLE = YES;
				IPHONEOS_DEPLOYMENT_TARGET = 17.0;
				LOCALIZATION_PREFERS_STRING_CATALOGS = YES;
				MTL_ENABLE_DEBUG_INFO = INCLUDE_SOURCE;
				MTL_FAST_MATH = YES;
				ONLY_ACTIVE_ARCH = YES;
				SDKROOT = iphoneos;
				SWIFT_ACTIVE_COMPILATION_CONDITIONS = "DEBUG $(inherited)";
				SWIFT_OPTIMIZATION_LEVEL = "-Onone";
			};
			name = Debug;
		};
		213E3D852B6EA5A700235C16 /* Release */ = {
			isa = XCBuildConfiguration;
			buildSettings = {
				ALWAYS_SEARCH_USER_PATHS = NO;
				ASSETCATALOG_COMPILER_GENERATE_SWIFT_ASSET_SYMBOL_EXTENSIONS = YES;
				CLANG_ANALYZER_NONNULL = YES;
				CLANG_ANALYZER_NUMBER_OBJECT_CONVERSION = YES_AGGRESSIVE;
				CLANG_CXX_LANGUAGE_STANDARD = "gnu++20";
				CLANG_ENABLE_MODULES = YES;
				CLANG_ENABLE_OBJC_ARC = YES;
				CLANG_ENABLE_OBJC_WEAK = YES;
				CLANG_WARN_BLOCK_CAPTURE_AUTORELEASING = YES;
				CLANG_WARN_BOOL_CONVERSION = YES;
				CLANG_WARN_COMMA = YES;
				CLANG_WARN_CONSTANT_CONVERSION = YES;
				CLANG_WARN_DEPRECATED_OBJC_IMPLEMENTATIONS = YES;
				CLANG_WARN_DIRECT_OBJC_ISA_USAGE = YES_ERROR;
				CLANG_WARN_DOCUMENTATION_COMMENTS = YES;
				CLANG_WARN_EMPTY_BODY = YES;
				CLANG_WARN_ENUM_CONVERSION = YES;
				CLANG_WARN_INFINITE_RECURSION = YES;
				CLANG_WARN_INT_CONVERSION = YES;
				CLANG_WARN_NON_LITERAL_NULL_CONVERSION = YES;
				CLANG_WARN_OBJC_IMPLICIT_RETAIN_SELF = YES;
				CLANG_WARN_OBJC_LITERAL_CONVERSION = YES;
				CLANG_WARN_OBJC_ROOT_CLASS = YES_ERROR;
				CLANG_WARN_QUOTED_INCLUDE_IN_FRAMEWORK_HEADER = YES;
				CLANG_WARN_RANGE_LOOP_ANALYSIS = YES;
				CLANG_WARN_STRICT_PROTOTYPES = YES;
				CLANG_WARN_SUSPICIOUS_MOVE = YES;
				CLANG_WARN_UNGUARDED_AVAILABILITY = YES_AGGRESSIVE;
				CLANG_WARN_UNREACHABLE_CODE = YES;
				CLANG_WARN__DUPLICATE_METHOD_MATCH = YES;
				COPY_PHASE_STRIP = NO;
				DEBUG_INFORMATION_FORMAT = "dwarf-with-dsym";
				ENABLE_NS_ASSERTIONS = NO;
				ENABLE_STRICT_OBJC_MSGSEND = YES;
				ENABLE_USER_SCRIPT_SANDBOXING = YES;
				GCC_C_LANGUAGE_STANDARD = gnu17;
				GCC_NO_COMMON_BLOCKS = YES;
				GCC_WARN_64_TO_32_BIT_CONVERSION = YES;
				GCC_WARN_ABOUT_RETURN_TYPE = YES_ERROR;
				GCC_WARN_UNDECLARED_SELECTOR = YES;
				GCC_WARN_UNINITIALIZED_AUTOS = YES_AGGRESSIVE;
				GCC_WARN_UNUSED_FUNCTION = YES;
				GCC_WARN_UNUSED_VARIABLE = YES;
				IPHONEOS_DEPLOYMENT_TARGET = 17.0;
				LOCALIZATION_PREFERS_STRING_CATALOGS = YES;
				MTL_ENABLE_DEBUG_INFO = NO;
				MTL_FAST_MATH = YES;
				SDKROOT = iphoneos;
				SWIFT_COMPILATION_MODE = wholemodule;
				VALIDATE_PRODUCT = YES;
			};
			name = Release;
		};
		213E3D872B6EA5A700235C16 /* Debug */ = {
			isa = XCBuildConfiguration;
			buildSettings = {
				ASSETCATALOG_COMPILER_APPICON_NAME = AppIcon;
				ASSETCATALOG_COMPILER_GLOBAL_ACCENT_COLOR_NAME = AccentColor;
				CODE_SIGN_STYLE = Automatic;
				CURRENT_PROJECT_VERSION = 1;
				DEVELOPMENT_ASSET_PATHS = "\"Orar-SwiftUi/Preview Content\"";
				DEVELOPMENT_TEAM = XT82NVNQRS;
				ENABLE_PREVIEWS = YES;
				GENERATE_INFOPLIST_FILE = YES;
				INFOPLIST_KEY_UIApplicationSceneManifest_Generation = YES;
				INFOPLIST_KEY_UIApplicationSupportsIndirectInputEvents = YES;
				INFOPLIST_KEY_UILaunchScreen_Generation = YES;
				INFOPLIST_KEY_UISupportedInterfaceOrientations_iPad = "UIInterfaceOrientationPortrait UIInterfaceOrientationPortraitUpsideDown UIInterfaceOrientationLandscapeLeft UIInterfaceOrientationLandscapeRight";
				INFOPLIST_KEY_UISupportedInterfaceOrientations_iPhone = "UIInterfaceOrientationPortrait UIInterfaceOrientationLandscapeLeft UIInterfaceOrientationLandscapeRight";
				LD_RUNPATH_SEARCH_PATHS = (
					"$(inherited)",
					"@executable_path/Frameworks",
				);
				MARKETING_VERSION = 1.0;
				PRODUCT_BUNDLE_IDENTIFIER = "Sakura.Orar-SwiftUi";
				PRODUCT_NAME = "$(TARGET_NAME)";
				SWIFT_EMIT_LOC_STRINGS = YES;
				SWIFT_VERSION = 5.0;
				TARGETED_DEVICE_FAMILY = "1,2";
			};
			name = Debug;
		};
		213E3D882B6EA5A700235C16 /* Release */ = {
			isa = XCBuildConfiguration;
			buildSettings = {
				ASSETCATALOG_COMPILER_APPICON_NAME = AppIcon;
				ASSETCATALOG_COMPILER_GLOBAL_ACCENT_COLOR_NAME = AccentColor;
				CODE_SIGN_STYLE = Automatic;
				CURRENT_PROJECT_VERSION = 1;
				DEVELOPMENT_ASSET_PATHS = "\"Orar-SwiftUi/Preview Content\"";
				DEVELOPMENT_TEAM = XT82NVNQRS;
				ENABLE_PREVIEWS = YES;
				GENERATE_INFOPLIST_FILE = YES;
				INFOPLIST_KEY_UIApplicationSceneManifest_Generation = YES;
				INFOPLIST_KEY_UIApplicationSupportsIndirectInputEvents = YES;
				INFOPLIST_KEY_UILaunchScreen_Generation = YES;
				INFOPLIST_KEY_UISupportedInterfaceOrientations_iPad = "UIInterfaceOrientationPortrait UIInterfaceOrientationPortraitUpsideDown UIInterfaceOrientationLandscapeLeft UIInterfaceOrientationLandscapeRight";
				INFOPLIST_KEY_UISupportedInterfaceOrientations_iPhone = "UIInterfaceOrientationPortrait UIInterfaceOrientationLandscapeLeft UIInterfaceOrientationLandscapeRight";
				LD_RUNPATH_SEARCH_PATHS = (
					"$(inherited)",
					"@executable_path/Frameworks",
				);
				MARKETING_VERSION = 1.0;
				PRODUCT_BUNDLE_IDENTIFIER = "Sakura.Orar-SwiftUi";
				PRODUCT_NAME = "$(TARGET_NAME)";
				SWIFT_EMIT_LOC_STRINGS = YES;
				SWIFT_VERSION = 5.0;
				TARGETED_DEVICE_FAMILY = "1,2";
			};
			name = Release;
		};
		213E3D8A2B6EA5A700235C16 /* Debug */ = {
			isa = XCBuildConfiguration;
			buildSettings = {
				ALWAYS_EMBED_SWIFT_STANDARD_LIBRARIES = YES;
				BUNDLE_LOADER = "$(TEST_HOST)";
				CODE_SIGN_STYLE = Automatic;
				CURRENT_PROJECT_VERSION = 1;
				DEVELOPMENT_TEAM = XT82NVNQRS;
				GENERATE_INFOPLIST_FILE = YES;
				IPHONEOS_DEPLOYMENT_TARGET = 17.0;
				MARKETING_VERSION = 1.0;
				PRODUCT_BUNDLE_IDENTIFIER = "Sakura.Orar-SwiftUiTests";
				PRODUCT_NAME = "$(TARGET_NAME)";
				SWIFT_EMIT_LOC_STRINGS = NO;
				SWIFT_VERSION = 5.0;
				TARGETED_DEVICE_FAMILY = "1,2";
				TEST_HOST = "$(BUILT_PRODUCTS_DIR)/Orar-SwiftUi.app/$(BUNDLE_EXECUTABLE_FOLDER_PATH)/Orar-SwiftUi";
			};
			name = Debug;
		};
		213E3D8B2B6EA5A700235C16 /* Release */ = {
			isa = XCBuildConfiguration;
			buildSettings = {
				ALWAYS_EMBED_SWIFT_STANDARD_LIBRARIES = YES;
				BUNDLE_LOADER = "$(TEST_HOST)";
				CODE_SIGN_STYLE = Automatic;
				CURRENT_PROJECT_VERSION = 1;
				DEVELOPMENT_TEAM = XT82NVNQRS;
				GENERATE_INFOPLIST_FILE = YES;
				IPHONEOS_DEPLOYMENT_TARGET = 17.0;
				MARKETING_VERSION = 1.0;
				PRODUCT_BUNDLE_IDENTIFIER = "Sakura.Orar-SwiftUiTests";
				PRODUCT_NAME = "$(TARGET_NAME)";
				SWIFT_EMIT_LOC_STRINGS = NO;
				SWIFT_VERSION = 5.0;
				TARGETED_DEVICE_FAMILY = "1,2";
				TEST_HOST = "$(BUILT_PRODUCTS_DIR)/Orar-SwiftUi.app/$(BUNDLE_EXECUTABLE_FOLDER_PATH)/Orar-SwiftUi";
			};
			name = Release;
		};
		213E3D8D2B6EA5A700235C16 /* Debug */ = {
			isa = XCBuildConfiguration;
			buildSettings = {
				ALWAYS_EMBED_SWIFT_STANDARD_LIBRARIES = YES;
				CODE_SIGN_STYLE = Automatic;
				CURRENT_PROJECT_VERSION = 1;
				DEVELOPMENT_TEAM = XT82NVNQRS;
				GENERATE_INFOPLIST_FILE = YES;
				MARKETING_VERSION = 1.0;
				PRODUCT_BUNDLE_IDENTIFIER = "Sakura.Orar-SwiftUiUITests";
				PRODUCT_NAME = "$(TARGET_NAME)";
				SWIFT_EMIT_LOC_STRINGS = NO;
				SWIFT_VERSION = 5.0;
				TARGETED_DEVICE_FAMILY = "1,2";
				TEST_TARGET_NAME = "Orar-SwiftUi";
			};
			name = Debug;
		};
		213E3D8E2B6EA5A700235C16 /* Release */ = {
			isa = XCBuildConfiguration;
			buildSettings = {
				ALWAYS_EMBED_SWIFT_STANDARD_LIBRARIES = YES;
				CODE_SIGN_STYLE = Automatic;
				CURRENT_PROJECT_VERSION = 1;
				DEVELOPMENT_TEAM = XT82NVNQRS;
				GENERATE_INFOPLIST_FILE = YES;
				MARKETING_VERSION = 1.0;
				PRODUCT_BUNDLE_IDENTIFIER = "Sakura.Orar-SwiftUiUITests";
				PRODUCT_NAME = "$(TARGET_NAME)";
				SWIFT_EMIT_LOC_STRINGS = NO;
				SWIFT_VERSION = 5.0;
				TARGETED_DEVICE_FAMILY = "1,2";
				TEST_TARGET_NAME = "Orar-SwiftUi";
			};
			name = Release;
		};
/* End XCBuildConfiguration section */

/* Begin XCConfigurationList section */
		213E3D5D2B6EA5A500235C16 /* Build configuration list for PBXProject "Orar-SwiftUi" */ = {
			isa = XCConfigurationList;
			buildConfigurations = (
				213E3D842B6EA5A700235C16 /* Debug */,
				213E3D852B6EA5A700235C16 /* Release */,
			);
			defaultConfigurationIsVisible = 0;
			defaultConfigurationName = Release;
		};
		213E3D862B6EA5A700235C16 /* Build configuration list for PBXNativeTarget "Orar-SwiftUi" */ = {
			isa = XCConfigurationList;
			buildConfigurations = (
				213E3D872B6EA5A700235C16 /* Debug */,
				213E3D882B6EA5A700235C16 /* Release */,
			);
			defaultConfigurationIsVisible = 0;
			defaultConfigurationName = Release;
		};
		213E3D892B6EA5A700235C16 /* Build configuration list for PBXNativeTarget "Orar-SwiftUiTests" */ = {
			isa = XCConfigurationList;
			buildConfigurations = (
				213E3D8A2B6EA5A700235C16 /* Debug */,
				213E3D8B2B6EA5A700235C16 /* Release */,
			);
			defaultConfigurationIsVisible = 0;
			defaultConfigurationName = Release;
		};
		213E3D8C2B6EA5A700235C16 /* Build configuration list for PBXNativeTarget "Orar-SwiftUiUITests" */ = {
			isa = XCConfigurationList;
			buildConfigurations = (
				213E3D8D2B6EA5A700235C16 /* Debug */,
				213E3D8E2B6EA5A700235C16 /* Release */,
			);
			defaultConfigurationIsVisible = 0;
			defaultConfigurationName = Release;
		};
/* End XCConfigurationList section */
	};
	rootObject = 213E3D5A2B6EA5A500235C16 /* Project object */;
}
